
Microsoft Visual Studio Solution File, Format Version 12.00
# Visual Studio 15
VisualStudioVersion = 15.0.28307.329
MinimumVisualStudioVersion = 10.0.40219.1
Project("{FAE04EC0-301F-11D3-BF4B-00C04F79EFBC}") = "TDD_Course", "TDD_Course\TDD_Course.csproj", "{9C197325-4E96-4B4A-A4AB-075635480C30}"
EndProject
Global
	GlobalSection(SolutionConfigurationPlatforms) = preSolution
		Debug|Any CPU = Debug|Any CPU
		Release|Any CPU = Release|Any CPU
	EndGlobalSection
	GlobalSection(ProjectConfigurationPlatforms) = postSolution
		{9C197325-4E96-4B4A-A4AB-075635480C30}.Debug|Any CPU.ActiveCfg = Debug|Any CPU
		{9C197325-4E96-4B4A-A4AB-075635480C30}.Debug|Any CPU.Build.0 = Debug|Any CPU
		{9C197325-4E96-4B4A-A4AB-075635480C30}.Release|Any CPU.ActiveCfg = Release|Any CPU
		{9C197325-4E96-4B4A-A4AB-075635480C30}.Release|Any CPU.Build.0 = Release|Any CPU
	EndGlobalSection
	GlobalSection(SolutionProperties) = preSolution
		HideSolutionNode = FALSE
	EndGlobalSection
	GlobalSection(ExtensibilityGlobals) = postSolution
		SolutionGuid = {B6919D6B-CBE6-4432-88F3-7EC71BACEE2D}
	EndGlobalSection
EndGlobal
